// !$*UTF8*$!
{
	archiveVersion = 1;
	classes = {
	};
	objectVersion = 55;
	objects = {

/* Begin PBXBuildFile section */
		237D64F12D117EC10001E65B /* ImageDownloader.swift in Sources */ = {isa = PBXBuildFile; fileRef = 237D64F02D117EBB0001E65B /* ImageDownloader.swift */; };
		237D64F32D1185920001E65B /* UserInformationViewController.swift in Sources */ = {isa = PBXBuildFile; fileRef = 237D64F22D11858F0001E65B /* UserInformationViewController.swift */; };
		23AA93B42D11B3E70009868A /* LoginViewModelTests.swift in Sources */ = {isa = PBXBuildFile; fileRef = 23AA93B22D11B3E70009868A /* LoginViewModelTests.swift */; };
		23AA93B52D11B3E70009868A /* UserViewModelTests.swift in Sources */ = {isa = PBXBuildFile; fileRef = 23AA93B32D11B3E70009868A /* UserViewModelTests.swift */; };
		23AA93B62D11B3E70009868A /* ApiHelperTests.swift in Sources */ = {isa = PBXBuildFile; fileRef = 23AA93B02D11B3E70009868A /* ApiHelperTests.swift */; };
		23AA93B72D11B3E70009868A /* ImageDownloaderTests.swift in Sources */ = {isa = PBXBuildFile; fileRef = 23AA93B12D11B3E70009868A /* ImageDownloaderTests.swift */; };
		23E65A682D1147F100C45F34 /* LoginViewModel.swift in Sources */ = {isa = PBXBuildFile; fileRef = 23E65A672D1147ED00C45F34 /* LoginViewModel.swift */; };
		23E65A6A2D114BDB00C45F34 /* Posts.swift in Sources */ = {isa = PBXBuildFile; fileRef = 23E65A692D114BD500C45F34 /* Posts.swift */; };
		23E65A712D115F2C00C45F34 /* Constants.swift in Sources */ = {isa = PBXBuildFile; fileRef = 23E65A702D115F2800C45F34 /* Constants.swift */; };
		23E65A732D115FBD00C45F34 /* PostListViewController.swift in Sources */ = {isa = PBXBuildFile; fileRef = 23E65A722D115FB400C45F34 /* PostListViewController.swift */; };
		23E65A772D116CF700C45F34 /* UserViewModel.swift in Sources */ = {isa = PBXBuildFile; fileRef = 23E65A762D116CF700C45F34 /* UserViewModel.swift */; };
		23E65A792D116D4F00C45F34 /* Users.swift in Sources */ = {isa = PBXBuildFile; fileRef = 23E65A782D116D4C00C45F34 /* Users.swift */; };
		23E65A7C2D1179B800C45F34 /* PostTableViewCell.swift in Sources */ = {isa = PBXBuildFile; fileRef = 23E65A7B2D1179AA00C45F34 /* PostTableViewCell.swift */; };
		8848023A282C16A800AF1595 /* AppDelegate.swift in Sources */ = {isa = PBXBuildFile; fileRef = 88480239282C16A800AF1595 /* AppDelegate.swift */; };
		8848023C282C16A800AF1595 /* SceneDelegate.swift in Sources */ = {isa = PBXBuildFile; fileRef = 8848023B282C16A800AF1595 /* SceneDelegate.swift */; };
		8848023E282C16A800AF1595 /* LoginViewController.swift in Sources */ = {isa = PBXBuildFile; fileRef = 8848023D282C16A800AF1595 /* LoginViewController.swift */; };
		88480243282C16A900AF1595 /* Assets.xcassets in Resources */ = {isa = PBXBuildFile; fileRef = 88480242282C16A900AF1595 /* Assets.xcassets */; };
		88480246282C16A900AF1595 /* LaunchScreen.storyboard in Resources */ = {isa = PBXBuildFile; fileRef = 88480244282C16A900AF1595 /* LaunchScreen.storyboard */; };
		8848025B282C16A900AF1595 /* LeagueiOSChallengeUITests.swift in Sources */ = {isa = PBXBuildFile; fileRef = 8848025A282C16A900AF1595 /* LeagueiOSChallengeUITests.swift */; };
		8848025D282C16A900AF1595 /* LeagueiOSChallengeUITestsLaunchTests.swift in Sources */ = {isa = PBXBuildFile; fileRef = 8848025C282C16A900AF1595 /* LeagueiOSChallengeUITestsLaunchTests.swift */; };
		88480270282C18D500AF1595 /* APIHelper.swift in Sources */ = {isa = PBXBuildFile; fileRef = 8848026F282C18D500AF1595 /* APIHelper.swift */; };
		88C4E6B8282C60AF00CD3E33 /* LoginResponse.swift in Sources */ = {isa = PBXBuildFile; fileRef = 88C4E6B7282C60AF00CD3E33 /* LoginResponse.swift */; };
/* End PBXBuildFile section */

/* Begin PBXContainerItemProxy section */
		8848024D282C16A900AF1595 /* PBXContainerItemProxy */ = {
			isa = PBXContainerItemProxy;
			containerPortal = 8848022E282C16A800AF1595 /* Project object */;
			proxyType = 1;
			remoteGlobalIDString = 88480235282C16A800AF1595;
			remoteInfo = LeagueiOSChallenge;
		};
		88480257282C16A900AF1595 /* PBXContainerItemProxy */ = {
			isa = PBXContainerItemProxy;
			containerPortal = 8848022E282C16A800AF1595 /* Project object */;
			proxyType = 1;
			remoteGlobalIDString = 88480235282C16A800AF1595;
			remoteInfo = LeagueiOSChallenge;
		};
/* End PBXContainerItemProxy section */

/* Begin PBXFileReference section */
		237D64F02D117EBB0001E65B /* ImageDownloader.swift */ = {isa = PBXFileReference; lastKnownFileType = sourcecode.swift; path = ImageDownloader.swift; sourceTree = "<group>"; };
		237D64F22D11858F0001E65B /* UserInformationViewController.swift */ = {isa = PBXFileReference; lastKnownFileType = sourcecode.swift; path = UserInformationViewController.swift; sourceTree = "<group>"; };
		23AA93B02D11B3E70009868A /* ApiHelperTests.swift */ = {isa = PBXFileReference; lastKnownFileType = sourcecode.swift; path = ApiHelperTests.swift; sourceTree = "<group>"; };
		23AA93B12D11B3E70009868A /* ImageDownloaderTests.swift */ = {isa = PBXFileReference; lastKnownFileType = sourcecode.swift; path = ImageDownloaderTests.swift; sourceTree = "<group>"; };
		23AA93B22D11B3E70009868A /* LoginViewModelTests.swift */ = {isa = PBXFileReference; lastKnownFileType = sourcecode.swift; path = LoginViewModelTests.swift; sourceTree = "<group>"; };
		23AA93B32D11B3E70009868A /* UserViewModelTests.swift */ = {isa = PBXFileReference; lastKnownFileType = sourcecode.swift; path = UserViewModelTests.swift; sourceTree = "<group>"; };
		23E65A672D1147ED00C45F34 /* LoginViewModel.swift */ = {isa = PBXFileReference; lastKnownFileType = sourcecode.swift; path = LoginViewModel.swift; sourceTree = "<group>"; };
		23E65A692D114BD500C45F34 /* Posts.swift */ = {isa = PBXFileReference; lastKnownFileType = sourcecode.swift; path = Posts.swift; sourceTree = "<group>"; };
		23E65A702D115F2800C45F34 /* Constants.swift */ = {isa = PBXFileReference; lastKnownFileType = sourcecode.swift; path = Constants.swift; sourceTree = "<group>"; };
		23E65A722D115FB400C45F34 /* PostListViewController.swift */ = {isa = PBXFileReference; lastKnownFileType = sourcecode.swift; path = PostListViewController.swift; sourceTree = "<group>"; };
		23E65A762D116CF700C45F34 /* UserViewModel.swift */ = {isa = PBXFileReference; lastKnownFileType = sourcecode.swift; path = UserViewModel.swift; sourceTree = "<group>"; };
		23E65A782D116D4C00C45F34 /* Users.swift */ = {isa = PBXFileReference; lastKnownFileType = sourcecode.swift; path = Users.swift; sourceTree = "<group>"; };
		23E65A7B2D1179AA00C45F34 /* PostTableViewCell.swift */ = {isa = PBXFileReference; lastKnownFileType = sourcecode.swift; path = PostTableViewCell.swift; sourceTree = "<group>"; };
		88480236282C16A800AF1595 /* LeagueiOSChallenge.app */ = {isa = PBXFileReference; explicitFileType = wrapper.application; includeInIndex = 0; path = LeagueiOSChallenge.app; sourceTree = BUILT_PRODUCTS_DIR; };
		88480239282C16A800AF1595 /* AppDelegate.swift */ = {isa = PBXFileReference; lastKnownFileType = sourcecode.swift; path = AppDelegate.swift; sourceTree = "<group>"; };
		8848023B282C16A800AF1595 /* SceneDelegate.swift */ = {isa = PBXFileReference; lastKnownFileType = sourcecode.swift; path = SceneDelegate.swift; sourceTree = "<group>"; };
		8848023D282C16A800AF1595 /* LoginViewController.swift */ = {isa = PBXFileReference; lastKnownFileType = sourcecode.swift; path = LoginViewController.swift; sourceTree = "<group>"; };
		88480242282C16A900AF1595 /* Assets.xcassets */ = {isa = PBXFileReference; lastKnownFileType = folder.assetcatalog; path = Assets.xcassets; sourceTree = "<group>"; };
		88480245282C16A900AF1595 /* Base */ = {isa = PBXFileReference; lastKnownFileType = file.storyboard; name = Base; path = Base.lproj/LaunchScreen.storyboard; sourceTree = "<group>"; };
		88480247282C16A900AF1595 /* Info.plist */ = {isa = PBXFileReference; lastKnownFileType = text.plist.xml; path = Info.plist; sourceTree = "<group>"; };
		8848024C282C16A900AF1595 /* LeagueiOSChallengeTests.xctest */ = {isa = PBXFileReference; explicitFileType = wrapper.cfbundle; includeInIndex = 0; path = LeagueiOSChallengeTests.xctest; sourceTree = BUILT_PRODUCTS_DIR; };
		88480256282C16A900AF1595 /* LeagueiOSChallengeUITests.xctest */ = {isa = PBXFileReference; explicitFileType = wrapper.cfbundle; includeInIndex = 0; path = LeagueiOSChallengeUITests.xctest; sourceTree = BUILT_PRODUCTS_DIR; };
		8848025A282C16A900AF1595 /* LeagueiOSChallengeUITests.swift */ = {isa = PBXFileReference; lastKnownFileType = sourcecode.swift; path = LeagueiOSChallengeUITests.swift; sourceTree = "<group>"; };
		8848025C282C16A900AF1595 /* LeagueiOSChallengeUITestsLaunchTests.swift */ = {isa = PBXFileReference; lastKnownFileType = sourcecode.swift; path = LeagueiOSChallengeUITestsLaunchTests.swift; sourceTree = "<group>"; };
		8848026F282C18D500AF1595 /* APIHelper.swift */ = {isa = PBXFileReference; lastKnownFileType = sourcecode.swift; path = APIHelper.swift; sourceTree = "<group>"; };
		88C4E6B7282C60AF00CD3E33 /* LoginResponse.swift */ = {isa = PBXFileReference; lastKnownFileType = sourcecode.swift; path = LoginResponse.swift; sourceTree = "<group>"; };
/* End PBXFileReference section */

/* Begin PBXFrameworksBuildPhase section */
		88480233282C16A800AF1595 /* Frameworks */ = {
			isa = PBXFrameworksBuildPhase;
			buildActionMask = 2147483647;
			files = (
			);
			runOnlyForDeploymentPostprocessing = 0;
		};
		88480249282C16A900AF1595 /* Frameworks */ = {
			isa = PBXFrameworksBuildPhase;
			buildActionMask = 2147483647;
			files = (
			);
			runOnlyForDeploymentPostprocessing = 0;
		};
		88480253282C16A900AF1595 /* Frameworks */ = {
			isa = PBXFrameworksBuildPhase;
			buildActionMask = 2147483647;
			files = (
			);
			runOnlyForDeploymentPostprocessing = 0;
		};
/* End PBXFrameworksBuildPhase section */

/* Begin PBXGroup section */
		23E65A6B2D114CAB00C45F34 /* ViewControllers */ = {
			isa = PBXGroup;
			children = (
				237D64F22D11858F0001E65B /* UserInformationViewController.swift */,
				23E65A722D115FB400C45F34 /* PostListViewController.swift */,
				8848023D282C16A800AF1595 /* LoginViewController.swift */,
			);
			path = ViewControllers;
			sourceTree = "<group>";
		};
		23E65A6C2D114CC700C45F34 /* ViewModels */ = {
			isa = PBXGroup;
			children = (
				23E65A762D116CF700C45F34 /* UserViewModel.swift */,
				23E65A672D1147ED00C45F34 /* LoginViewModel.swift */,
			);
			path = ViewModels;
			sourceTree = "<group>";
		};
		23E65A6F2D115F1300C45F34 /* Constants */ = {
			isa = PBXGroup;
			children = (
				23E65A702D115F2800C45F34 /* Constants.swift */,
			);
			path = Constants;
			sourceTree = "<group>";
		};
		23E65A7A2D11799F00C45F34 /* CustomCells */ = {
			isa = PBXGroup;
			children = (
				23E65A7B2D1179AA00C45F34 /* PostTableViewCell.swift */,
			);
			path = CustomCells;
			sourceTree = "<group>";
		};
		8848022D282C16A800AF1595 = {
			isa = PBXGroup;
			children = (
				88480238282C16A800AF1595 /* LeagueiOSChallenge */,
				8848024F282C16A900AF1595 /* LeagueiOSChallengeTests */,
				88480259282C16A900AF1595 /* LeagueiOSChallengeUITests */,
				88480237282C16A800AF1595 /* Products */,
			);
			sourceTree = "<group>";
		};
		88480237282C16A800AF1595 /* Products */ = {
			isa = PBXGroup;
			children = (
				88480236282C16A800AF1595 /* LeagueiOSChallenge.app */,
				8848024C282C16A900AF1595 /* LeagueiOSChallengeTests.xctest */,
				88480256282C16A900AF1595 /* LeagueiOSChallengeUITests.xctest */,
			);
			name = Products;
			sourceTree = "<group>";
		};
		88480238282C16A800AF1595 /* LeagueiOSChallenge */ = {
			isa = PBXGroup;
			children = (
				23E65A7A2D11799F00C45F34 /* CustomCells */,
				23E65A6F2D115F1300C45F34 /* Constants */,
				23E65A6C2D114CC700C45F34 /* ViewModels */,
				23E65A6B2D114CAB00C45F34 /* ViewControllers */,
				8848026D282C185700AF1595 /* Root */,
				88C4E6B6282C609900CD3E33 /* Models */,
				8848026E282C189000AF1595 /* Network */,
			);
			path = LeagueiOSChallenge;
			sourceTree = "<group>";
		};
		8848024F282C16A900AF1595 /* LeagueiOSChallengeTests */ = {
			isa = PBXGroup;
			children = (
				23AA93B02D11B3E70009868A /* ApiHelperTests.swift */,
				23AA93B12D11B3E70009868A /* ImageDownloaderTests.swift */,
				23AA93B22D11B3E70009868A /* LoginViewModelTests.swift */,
				23AA93B32D11B3E70009868A /* UserViewModelTests.swift */,
			);
			path = LeagueiOSChallengeTests;
			sourceTree = "<group>";
		};
		88480259282C16A900AF1595 /* LeagueiOSChallengeUITests */ = {
			isa = PBXGroup;
			children = (
				8848025A282C16A900AF1595 /* LeagueiOSChallengeUITests.swift */,
				8848025C282C16A900AF1595 /* LeagueiOSChallengeUITestsLaunchTests.swift */,
			);
			path = LeagueiOSChallengeUITests;
			sourceTree = "<group>";
		};
		8848026D282C185700AF1595 /* Root */ = {
			isa = PBXGroup;
			children = (
				88480239282C16A800AF1595 /* AppDelegate.swift */,
				8848023B282C16A800AF1595 /* SceneDelegate.swift */,
				88480242282C16A900AF1595 /* Assets.xcassets */,
				88480244282C16A900AF1595 /* LaunchScreen.storyboard */,
				88480247282C16A900AF1595 /* Info.plist */,
			);
			path = Root;
			sourceTree = "<group>";
		};
		8848026E282C189000AF1595 /* Network */ = {
			isa = PBXGroup;
			children = (
				8848026F282C18D500AF1595 /* APIHelper.swift */,
				237D64F02D117EBB0001E65B /* ImageDownloader.swift */,
			);
			path = Network;
			sourceTree = "<group>";
		};
		88C4E6B6282C609900CD3E33 /* Models */ = {
			isa = PBXGroup;
			children = (
				23E65A782D116D4C00C45F34 /* Users.swift */,
				23E65A692D114BD500C45F34 /* Posts.swift */,
				88C4E6B7282C60AF00CD3E33 /* LoginResponse.swift */,
			);
			path = Models;
			sourceTree = "<group>";
		};
/* End PBXGroup section */

/* Begin PBXNativeTarget section */
		88480235282C16A800AF1595 /* LeagueiOSChallenge */ = {
			isa = PBXNativeTarget;
			buildConfigurationList = 88480260282C16A900AF1595 /* Build configuration list for PBXNativeTarget "LeagueiOSChallenge" */;
			buildPhases = (
				88480232282C16A800AF1595 /* Sources */,
				88480233282C16A800AF1595 /* Frameworks */,
				88480234282C16A800AF1595 /* Resources */,
			);
			buildRules = (
			);
			dependencies = (
			);
			name = LeagueiOSChallenge;
			packageProductDependencies = (
			);
			productName = LeagueiOSChallenge;
			productReference = 88480236282C16A800AF1595 /* LeagueiOSChallenge.app */;
			productType = "com.apple.product-type.application";
		};
		8848024B282C16A900AF1595 /* LeagueiOSChallengeTests */ = {
			isa = PBXNativeTarget;
			buildConfigurationList = 88480263282C16A900AF1595 /* Build configuration list for PBXNativeTarget "LeagueiOSChallengeTests" */;
			buildPhases = (
				88480248282C16A900AF1595 /* Sources */,
				88480249282C16A900AF1595 /* Frameworks */,
				8848024A282C16A900AF1595 /* Resources */,
			);
			buildRules = (
			);
			dependencies = (
				8848024E282C16A900AF1595 /* PBXTargetDependency */,
			);
			name = LeagueiOSChallengeTests;
			productName = LeagueiOSChallengeTests;
			productReference = 8848024C282C16A900AF1595 /* LeagueiOSChallengeTests.xctest */;
			productType = "com.apple.product-type.bundle.unit-test";
		};
		88480255282C16A900AF1595 /* LeagueiOSChallengeUITests */ = {
			isa = PBXNativeTarget;
			buildConfigurationList = 88480266282C16A900AF1595 /* Build configuration list for PBXNativeTarget "LeagueiOSChallengeUITests" */;
			buildPhases = (
				88480252282C16A900AF1595 /* Sources */,
				88480253282C16A900AF1595 /* Frameworks */,
				88480254282C16A900AF1595 /* Resources */,
			);
			buildRules = (
			);
			dependencies = (
				88480258282C16A900AF1595 /* PBXTargetDependency */,
			);
			name = LeagueiOSChallengeUITests;
			productName = LeagueiOSChallengeUITests;
			productReference = 88480256282C16A900AF1595 /* LeagueiOSChallengeUITests.xctest */;
			productType = "com.apple.product-type.bundle.ui-testing";
		};
/* End PBXNativeTarget section */

/* Begin PBXProject section */
		8848022E282C16A800AF1595 /* Project object */ = {
			isa = PBXProject;
			attributes = {
				BuildIndependentTargetsInParallel = 1;
				LastSwiftUpdateCheck = 1330;
				LastUpgradeCheck = 1330;
				TargetAttributes = {
					88480235282C16A800AF1595 = {
						CreatedOnToolsVersion = 13.3.1;
					};
					8848024B282C16A900AF1595 = {
						CreatedOnToolsVersion = 13.3.1;
						TestTargetID = 88480235282C16A800AF1595;
					};
					88480255282C16A900AF1595 = {
						CreatedOnToolsVersion = 13.3.1;
						TestTargetID = 88480235282C16A800AF1595;
					};
				};
			};
			buildConfigurationList = 88480231282C16A800AF1595 /* Build configuration list for PBXProject "LeagueiOSChallenge" */;
			compatibilityVersion = "Xcode 13.0";
			developmentRegion = en;
			hasScannedForEncodings = 0;
			knownRegions = (
				en,
				Base,
			);
			mainGroup = 8848022D282C16A800AF1595;
			packageReferences = (
			);
			productRefGroup = 88480237282C16A800AF1595 /* Products */;
			projectDirPath = "";
			projectRoot = "";
			targets = (
				88480235282C16A800AF1595 /* LeagueiOSChallenge */,
				8848024B282C16A900AF1595 /* LeagueiOSChallengeTests */,
				88480255282C16A900AF1595 /* LeagueiOSChallengeUITests */,
			);
		};
/* End PBXProject section */

/* Begin PBXResourcesBuildPhase section */
		88480234282C16A800AF1595 /* Resources */ = {
			isa = PBXResourcesBuildPhase;
			buildActionMask = 2147483647;
			files = (
				88480246282C16A900AF1595 /* LaunchScreen.storyboard in Resources */,
				88480243282C16A900AF1595 /* Assets.xcassets in Resources */,
			);
			runOnlyForDeploymentPostprocessing = 0;
		};
		8848024A282C16A900AF1595 /* Resources */ = {
			isa = PBXResourcesBuildPhase;
			buildActionMask = 2147483647;
			files = (
			);
			runOnlyForDeploymentPostprocessing = 0;
		};
		88480254282C16A900AF1595 /* Resources */ = {
			isa = PBXResourcesBuildPhase;
			buildActionMask = 2147483647;
			files = (
			);
			runOnlyForDeploymentPostprocessing = 0;
		};
/* End PBXResourcesBuildPhase section */

/* Begin PBXSourcesBuildPhase section */
		88480232282C16A800AF1595 /* Sources */ = {
			isa = PBXSourcesBuildPhase;
			buildActionMask = 2147483647;
			files = (
				88480270282C18D500AF1595 /* APIHelper.swift in Sources */,
				8848023E282C16A800AF1595 /* LoginViewController.swift in Sources */,
				8848023A282C16A800AF1595 /* AppDelegate.swift in Sources */,
				237D64F12D117EC10001E65B /* ImageDownloader.swift in Sources */,
				8848023C282C16A800AF1595 /* SceneDelegate.swift in Sources */,
				88C4E6B8282C60AF00CD3E33 /* LoginResponse.swift in Sources */,
				23E65A682D1147F100C45F34 /* LoginViewModel.swift in Sources */,
				23E65A732D115FBD00C45F34 /* PostListViewController.swift in Sources */,
				237D64F32D1185920001E65B /* UserInformationViewController.swift in Sources */,
				23E65A792D116D4F00C45F34 /* Users.swift in Sources */,
				23E65A6A2D114BDB00C45F34 /* Posts.swift in Sources */,
				23E65A772D116CF700C45F34 /* UserViewModel.swift in Sources */,
				23E65A712D115F2C00C45F34 /* Constants.swift in Sources */,
				23E65A7C2D1179B800C45F34 /* PostTableViewCell.swift in Sources */,
			);
			runOnlyForDeploymentPostprocessing = 0;
		};
		88480248282C16A900AF1595 /* Sources */ = {
			isa = PBXSourcesBuildPhase;
			buildActionMask = 2147483647;
			files = (
				23AA93B42D11B3E70009868A /* LoginViewModelTests.swift in Sources */,
				23AA93B52D11B3E70009868A /* UserViewModelTests.swift in Sources */,
				23AA93B62D11B3E70009868A /* ApiHelperTests.swift in Sources */,
				23AA93B72D11B3E70009868A /* ImageDownloaderTests.swift in Sources */,
			);
			runOnlyForDeploymentPostprocessing = 0;
		};
		88480252282C16A900AF1595 /* Sources */ = {
			isa = PBXSourcesBuildPhase;
			buildActionMask = 2147483647;
			files = (
				8848025B282C16A900AF1595 /* LeagueiOSChallengeUITests.swift in Sources */,
				8848025D282C16A900AF1595 /* LeagueiOSChallengeUITestsLaunchTests.swift in Sources */,
			);
			runOnlyForDeploymentPostprocessing = 0;
		};
/* End PBXSourcesBuildPhase section */

/* Begin PBXTargetDependency section */
		8848024E282C16A900AF1595 /* PBXTargetDependency */ = {
			isa = PBXTargetDependency;
			target = 88480235282C16A800AF1595 /* LeagueiOSChallenge */;
			targetProxy = 8848024D282C16A900AF1595 /* PBXContainerItemProxy */;
		};
		88480258282C16A900AF1595 /* PBXTargetDependency */ = {
			isa = PBXTargetDependency;
			target = 88480235282C16A800AF1595 /* LeagueiOSChallenge */;
			targetProxy = 88480257282C16A900AF1595 /* PBXContainerItemProxy */;
		};
/* End PBXTargetDependency section */

/* Begin PBXVariantGroup section */
		88480244282C16A900AF1595 /* LaunchScreen.storyboard */ = {
			isa = PBXVariantGroup;
			children = (
				88480245282C16A900AF1595 /* Base */,
			);
			name = LaunchScreen.storyboard;
			sourceTree = "<group>";
		};
/* End PBXVariantGroup section */

/* Begin XCBuildConfiguration section */
		8848025E282C16A900AF1595 /* Debug */ = {
			isa = XCBuildConfiguration;
			buildSettings = {
				ALWAYS_SEARCH_USER_PATHS = NO;
				CLANG_ANALYZER_NONNULL = YES;
				CLANG_ANALYZER_NUMBER_OBJECT_CONVERSION = YES_AGGRESSIVE;
				CLANG_CXX_LANGUAGE_STANDARD = "gnu++17";
				CLANG_ENABLE_MODULES = YES;
				CLANG_ENABLE_OBJC_ARC = YES;
				CLANG_ENABLE_OBJC_WEAK = YES;
				CLANG_WARN_BLOCK_CAPTURE_AUTORELEASING = YES;
				CLANG_WARN_BOOL_CONVERSION = YES;
				CLANG_WARN_COMMA = YES;
				CLANG_WARN_CONSTANT_CONVERSION = YES;
				CLANG_WARN_DEPRECATED_OBJC_IMPLEMENTATIONS = YES;
				CLANG_WARN_DIRECT_OBJC_ISA_USAGE = YES_ERROR;
				CLANG_WARN_DOCUMENTATION_COMMENTS = YES;
				CLANG_WARN_EMPTY_BODY = YES;
				CLANG_WARN_ENUM_CONVERSION = YES;
				CLANG_WARN_INFINITE_RECURSION = YES;
				CLANG_WARN_INT_CONVERSION = YES;
				CLANG_WARN_NON_LITERAL_NULL_CONVERSION = YES;
				CLANG_WARN_OBJC_IMPLICIT_RETAIN_SELF = YES;
				CLANG_WARN_OBJC_LITERAL_CONVERSION = YES;
				CLANG_WARN_OBJC_ROOT_CLASS = YES_ERROR;
				CLANG_WARN_QUOTED_INCLUDE_IN_FRAMEWORK_HEADER = YES;
				CLANG_WARN_RANGE_LOOP_ANALYSIS = YES;
				CLANG_WARN_STRICT_PROTOTYPES = YES;
				CLANG_WARN_SUSPICIOUS_MOVE = YES;
				CLANG_WARN_UNGUARDED_AVAILABILITY = YES_AGGRESSIVE;
				CLANG_WARN_UNREACHABLE_CODE = YES;
				CLANG_WARN__DUPLICATE_METHOD_MATCH = YES;
				COPY_PHASE_STRIP = NO;
				DEBUG_INFORMATION_FORMAT = dwarf;
				ENABLE_STRICT_OBJC_MSGSEND = YES;
				ENABLE_TESTABILITY = YES;
				GCC_C_LANGUAGE_STANDARD = gnu11;
				GCC_DYNAMIC_NO_PIC = NO;
				GCC_NO_COMMON_BLOCKS = YES;
				GCC_OPTIMIZATION_LEVEL = 0;
				GCC_PREPROCESSOR_DEFINITIONS = (
					"DEBUG=1",
					"$(inherited)",
				);
				GCC_WARN_64_TO_32_BIT_CONVERSION = YES;
				GCC_WARN_ABOUT_RETURN_TYPE = YES_ERROR;
				GCC_WARN_UNDECLARED_SELECTOR = YES;
				GCC_WARN_UNINITIALIZED_AUTOS = YES_AGGRESSIVE;
				GCC_WARN_UNUSED_FUNCTION = YES;
				GCC_WARN_UNUSED_VARIABLE = YES;
				IPHONEOS_DEPLOYMENT_TARGET = 15.4;
				MTL_ENABLE_DEBUG_INFO = INCLUDE_SOURCE;
				MTL_FAST_MATH = YES;
				ONLY_ACTIVE_ARCH = YES;
				SDKROOT = iphoneos;
				SWIFT_ACTIVE_COMPILATION_CONDITIONS = DEBUG;
				SWIFT_OPTIMIZATION_LEVEL = "-Onone";
			};
			name = Debug;
		};
		8848025F282C16A900AF1595 /* Release */ = {
			isa = XCBuildConfiguration;
			buildSettings = {
				ALWAYS_SEARCH_USER_PATHS = NO;
				CLANG_ANALYZER_NONNULL = YES;
				CLANG_ANALYZER_NUMBER_OBJECT_CONVERSION = YES_AGGRESSIVE;
				CLANG_CXX_LANGUAGE_STANDARD = "gnu++17";
				CLANG_ENABLE_MODULES = YES;
				CLANG_ENABLE_OBJC_ARC = YES;
				CLANG_ENABLE_OBJC_WEAK = YES;
				CLANG_WARN_BLOCK_CAPTURE_AUTORELEASING = YES;
				CLANG_WARN_BOOL_CONVERSION = YES;
				CLANG_WARN_COMMA = YES;
				CLANG_WARN_CONSTANT_CONVERSION = YES;
				CLANG_WARN_DEPRECATED_OBJC_IMPLEMENTATIONS = YES;
				CLANG_WARN_DIRECT_OBJC_ISA_USAGE = YES_ERROR;
				CLANG_WARN_DOCUMENTATION_COMMENTS = YES;
				CLANG_WARN_EMPTY_BODY = YES;
				CLANG_WARN_ENUM_CONVERSION = YES;
				CLANG_WARN_INFINITE_RECURSION = YES;
				CLANG_WARN_INT_CONVERSION = YES;
				CLANG_WARN_NON_LITERAL_NULL_CONVERSION = YES;
				CLANG_WARN_OBJC_IMPLICIT_RETAIN_SELF = YES;
				CLANG_WARN_OBJC_LITERAL_CONVERSION = YES;
				CLANG_WARN_OBJC_ROOT_CLASS = YES_ERROR;
				CLANG_WARN_QUOTED_INCLUDE_IN_FRAMEWORK_HEADER = YES;
				CLANG_WARN_RANGE_LOOP_ANALYSIS = YES;
				CLANG_WARN_STRICT_PROTOTYPES = YES;
				CLANG_WARN_SUSPICIOUS_MOVE = YES;
				CLANG_WARN_UNGUARDED_AVAILABILITY = YES_AGGRESSIVE;
				CLANG_WARN_UNREACHABLE_CODE = YES;
				CLANG_WARN__DUPLICATE_METHOD_MATCH = YES;
				COPY_PHASE_STRIP = NO;
				DEBUG_INFORMATION_FORMAT = "dwarf-with-dsym";
				ENABLE_NS_ASSERTIONS = NO;
				ENABLE_STRICT_OBJC_MSGSEND = YES;
				GCC_C_LANGUAGE_STANDARD = gnu11;
				GCC_NO_COMMON_BLOCKS = YES;
				GCC_WARN_64_TO_32_BIT_CONVERSION = YES;
				GCC_WARN_ABOUT_RETURN_TYPE = YES_ERROR;
				GCC_WARN_UNDECLARED_SELECTOR = YES;
				GCC_WARN_UNINITIALIZED_AUTOS = YES_AGGRESSIVE;
				GCC_WARN_UNUSED_FUNCTION = YES;
				GCC_WARN_UNUSED_VARIABLE = YES;
				IPHONEOS_DEPLOYMENT_TARGET = 15.4;
				MTL_ENABLE_DEBUG_INFO = NO;
				MTL_FAST_MATH = YES;
				SDKROOT = iphoneos;
				SWIFT_COMPILATION_MODE = wholemodule;
				SWIFT_OPTIMIZATION_LEVEL = "-O";
				VALIDATE_PRODUCT = YES;
			};
			name = Release;
		};
		88480261282C16A900AF1595 /* Debug */ = {
			isa = XCBuildConfiguration;
			buildSettings = {
				ASSETCATALOG_COMPILER_APPICON_NAME = AppIcon;
				ASSETCATALOG_COMPILER_GLOBAL_ACCENT_COLOR_NAME = AccentColor;
				CODE_SIGN_STYLE = Automatic;
				CURRENT_PROJECT_VERSION = 1;
				GENERATE_INFOPLIST_FILE = YES;
				INFOPLIST_FILE = LeagueiOSChallenge/Root/Info.plist;
				INFOPLIST_KEY_UIApplicationSupportsIndirectInputEvents = YES;
				INFOPLIST_KEY_UILaunchStoryboardName = LaunchScreen;
				INFOPLIST_KEY_UISupportedInterfaceOrientations = "UIInterfaceOrientationLandscapeLeft UIInterfaceOrientationLandscapeRight UIInterfaceOrientationPortrait UIInterfaceOrientationPortraitUpsideDown";
				LD_RUNPATH_SEARCH_PATHS = (
					"$(inherited)",
					"@executable_path/Frameworks",
				);
				MARKETING_VERSION = 1.0;
				PRODUCT_BUNDLE_IDENTIFIER = life.league.LeagueiOSChallenge;
				PRODUCT_NAME = "$(TARGET_NAME)";
				SWIFT_EMIT_LOC_STRINGS = YES;
				SWIFT_VERSION = 5.0;
				TARGETED_DEVICE_FAMILY = "1,2";
			};
			name = Debug;
		};
		88480262282C16A900AF1595 /* Release */ = {
			isa = XCBuildConfiguration;
			buildSettings = {
				ASSETCATALOG_COMPILER_APPICON_NAME = AppIcon;
				ASSETCATALOG_COMPILER_GLOBAL_ACCENT_COLOR_NAME = AccentColor;
				CODE_SIGN_STYLE = Automatic;
				CURRENT_PROJECT_VERSION = 1;
				GENERATE_INFOPLIST_FILE = YES;
				INFOPLIST_FILE = LeagueiOSChallenge/Root/Info.plist;
				INFOPLIST_KEY_UIApplicationSupportsIndirectInputEvents = YES;
				INFOPLIST_KEY_UILaunchStoryboardName = LaunchScreen;
				INFOPLIST_KEY_UISupportedInterfaceOrientations = "UIInterfaceOrientationLandscapeLeft UIInterfaceOrientationLandscapeRight UIInterfaceOrientationPortrait UIInterfaceOrientationPortraitUpsideDown";
				LD_RUNPATH_SEARCH_PATHS = (
					"$(inherited)",
					"@executable_path/Frameworks",
				);
				MARKETING_VERSION = 1.0;
				PRODUCT_BUNDLE_IDENTIFIER = life.league.LeagueiOSChallenge;
				PRODUCT_NAME = "$(TARGET_NAME)";
				SWIFT_EMIT_LOC_STRINGS = YES;
				SWIFT_VERSION = 5.0;
				TARGETED_DEVICE_FAMILY = "1,2";
			};
			name = Release;
		};
		88480264282C16A900AF1595 /* Debug */ = {
			isa = XCBuildConfiguration;
			buildSettings = {
				ALWAYS_EMBED_SWIFT_STANDARD_LIBRARIES = YES;
				BUNDLE_LOADER = "$(TEST_HOST)";
				CODE_SIGN_STYLE = Automatic;
				CURRENT_PROJECT_VERSION = 1;
				GENERATE_INFOPLIST_FILE = YES;
				IPHONEOS_DEPLOYMENT_TARGET = 15.4;
				MARKETING_VERSION = 1.0;
				PRODUCT_BUNDLE_IDENTIFIER = life.league.LeagueiOSChallengeTests;
				PRODUCT_NAME = "$(TARGET_NAME)";
				SWIFT_EMIT_LOC_STRINGS = NO;
				SWIFT_VERSION = 5.0;
				TARGETED_DEVICE_FAMILY = "1,2";
				TEST_HOST = "$(BUILT_PRODUCTS_DIR)/LeagueiOSChallenge.app/LeagueiOSChallenge";
			};
			name = Debug;
		};
		88480265282C16A900AF1595 /* Release */ = {
			isa = XCBuildConfiguration;
			buildSettings = {
				ALWAYS_EMBED_SWIFT_STANDARD_LIBRARIES = YES;
				BUNDLE_LOADER = "$(TEST_HOST)";
				CODE_SIGN_STYLE = Automatic;
				CURRENT_PROJECT_VERSION = 1;
				GENERATE_INFOPLIST_FILE = YES;
				IPHONEOS_DEPLOYMENT_TARGET = 15.4;
				MARKETING_VERSION = 1.0;
				PRODUCT_BUNDLE_IDENTIFIER = life.league.LeagueiOSChallengeTests;
				PRODUCT_NAME = "$(TARGET_NAME)";
				SWIFT_EMIT_LOC_STRINGS = NO;
				SWIFT_VERSION = 5.0;
				TARGETED_DEVICE_FAMILY = "1,2";
				TEST_HOST = "$(BUILT_PRODUCTS_DIR)/LeagueiOSChallenge.app/LeagueiOSChallenge";
			};
			name = Release;
		};
		88480267282C16A900AF1595 /* Debug */ = {
			isa = XCBuildConfiguration;
			buildSettings = {
				ALWAYS_EMBED_SWIFT_STANDARD_LIBRARIES = YES;
				CODE_SIGN_STYLE = Automatic;
				CURRENT_PROJECT_VERSION = 1;
				GENERATE_INFOPLIST_FILE = YES;
				MARKETING_VERSION = 1.0;
				PRODUCT_BUNDLE_IDENTIFIER = life.league.LeagueiOSChallengeUITests;
				PRODUCT_NAME = "$(TARGET_NAME)";
				SWIFT_EMIT_LOC_STRINGS = NO;
				SWIFT_VERSION = 5.0;
				TARGETED_DEVICE_FAMILY = "1,2";
				TEST_TARGET_NAME = LeagueiOSChallenge;
			};
			name = Debug;
		};
		88480268282C16A900AF1595 /* Release */ = {
			isa = XCBuildConfiguration;
			buildSettings = {
				ALWAYS_EMBED_SWIFT_STANDARD_LIBRARIES = YES;
				CODE_SIGN_STYLE = Automatic;
				CURRENT_PROJECT_VERSION = 1;
				GENERATE_INFOPLIST_FILE = YES;
				MARKETING_VERSION = 1.0;
				PRODUCT_BUNDLE_IDENTIFIER = life.league.LeagueiOSChallengeUITests;
				PRODUCT_NAME = "$(TARGET_NAME)";
				SWIFT_EMIT_LOC_STRINGS = NO;
				SWIFT_VERSION = 5.0;
				TARGETED_DEVICE_FAMILY = "1,2";
				TEST_TARGET_NAME = LeagueiOSChallenge;
			};
			name = Release;
		};
/* End XCBuildConfiguration section */

/* Begin XCConfigurationList section */
		88480231282C16A800AF1595 /* Build configuration list for PBXProject "LeagueiOSChallenge" */ = {
			isa = XCConfigurationList;
			buildConfigurations = (
				8848025E282C16A900AF1595 /* Debug */,
				8848025F282C16A900AF1595 /* Release */,
			);
			defaultConfigurationIsVisible = 0;
			defaultConfigurationName = Release;
		};
		88480260282C16A900AF1595 /* Build configuration list for PBXNativeTarget "LeagueiOSChallenge" */ = {
			isa = XCConfigurationList;
			buildConfigurations = (
				88480261282C16A900AF1595 /* Debug */,
				88480262282C16A900AF1595 /* Release */,
			);
			defaultConfigurationIsVisible = 0;
			defaultConfigurationName = Release;
		};
		88480263282C16A900AF1595 /* Build configuration list for PBXNativeTarget "LeagueiOSChallengeTests" */ = {
			isa = XCConfigurationList;
			buildConfigurations = (
				88480264282C16A900AF1595 /* Debug */,
				88480265282C16A900AF1595 /* Release */,
			);
			defaultConfigurationIsVisible = 0;
			defaultConfigurationName = Release;
		};
		88480266282C16A900AF1595 /* Build configuration list for PBXNativeTarget "LeagueiOSChallengeUITests" */ = {
			isa = XCConfigurationList;
			buildConfigurations = (
				88480267282C16A900AF1595 /* Debug */,
				88480268282C16A900AF1595 /* Release */,
			);
			defaultConfigurationIsVisible = 0;
			defaultConfigurationName = Release;
		};
/* End XCConfigurationList section */
	};
	rootObject = 8848022E282C16A800AF1595 /* Project object */;
}
